
Microsoft Visual Studio Solution File, Format Version 12.00
# Visual Studio 14
VisualStudioVersion = 14.0.24720.0
MinimumVisualStudioVersion = 10.0.40219.1
Project("{8BC9CEB8-8B4A-11D0-8D11-00A0C91BC942}") = "LöveFTW", "LöveFTW.vcxproj", "{E5D779F5-3679-4247-A3C3-C446F1980ABB}"
	ProjectSection(ProjectDependencies) = postProject
		{93B8DA2C-888E-40C4-8E9E-5F31B53949E0} = {93B8DA2C-888E-40C4-8E9E-5F31B53949E0}
	EndProjectSection
EndProject
Project("{8BC9CEB8-8B4A-11D0-8D11-00A0C91BC942}") = "SDL2-UWP", "..\SDL-mirror\VisualC-WinRT\UWP_VS2015\SDL-UWP.vcxproj", "{89E9B32E-A86A-47C3-A948-D2B1622925CE}"
EndProject
Project("{8BC9CEB8-8B4A-11D0-8D11-00A0C91BC942}") = "lua-uwp", "..\lua-uwp\lua-uwp\lua-uwp.vcxproj", "{93B8DA2C-888E-40C4-8E9E-5F31B53949E0}"
EndProject
Project("{8BC9CEB8-8B4A-11D0-8D11-00A0C91BC942}") = "PhysFS-uwp", "..\physfs-uwp\PhysFS-uwp\PhysFS-uwp.vcxproj", "{F5123206-D805-402E-A2BA-339548912C5C}"
EndProject
Project("{8BC9CEB8-8B4A-11D0-8D11-00A0C91BC942}") = "OpenAL", "..\openal-soft-winphone\winrt.vs2015\OpenAL\OpenAL.vcxproj", "{A4EC741A-2F08-4DAB-A9B1-472540CBCE2E}"
EndProject
Global
	GlobalSection(SolutionConfigurationPlatforms) = preSolution
		Debug|ARM = Debug|ARM
		Debug|x64 = Debug|x64
		Debug|x86 = Debug|x86
		Release|ARM = Release|ARM
		Release|x64 = Release|x64
		Release|x86 = Release|x86
	EndGlobalSection
	GlobalSection(ProjectConfigurationPlatforms) = postSolution
		{E5D779F5-3679-4247-A3C3-C446F1980ABB}.Debug|ARM.ActiveCfg = Debug|ARM
		{E5D779F5-3679-4247-A3C3-C446F1980ABB}.Debug|ARM.Build.0 = Debug|ARM
		{E5D779F5-3679-4247-A3C3-C446F1980ABB}.Debug|ARM.Deploy.0 = Debug|ARM
		{E5D779F5-3679-4247-A3C3-C446F1980ABB}.Debug|x64.ActiveCfg = Debug|x64
		{E5D779F5-3679-4247-A3C3-C446F1980ABB}.Debug|x64.Build.0 = Debug|x64
		{E5D779F5-3679-4247-A3C3-C446F1980ABB}.Debug|x64.Deploy.0 = Debug|x64
		{E5D779F5-3679-4247-A3C3-C446F1980ABB}.Debug|x86.ActiveCfg = Debug|Win32
		{E5D779F5-3679-4247-A3C3-C446F1980ABB}.Debug|x86.Build.0 = Debug|Win32
		{E5D779F5-3679-4247-A3C3-C446F1980ABB}.Debug|x86.Deploy.0 = Debug|Win32
		{E5D779F5-3679-4247-A3C3-C446F1980ABB}.Release|ARM.ActiveCfg = Release|ARM
		{E5D779F5-3679-4247-A3C3-C446F1980ABB}.Release|ARM.Build.0 = Release|ARM
		{E5D779F5-3679-4247-A3C3-C446F1980ABB}.Release|ARM.Deploy.0 = Release|ARM
		{E5D779F5-3679-4247-A3C3-C446F1980ABB}.Release|x64.ActiveCfg = Release|x64
		{E5D779F5-3679-4247-A3C3-C446F1980ABB}.Release|x64.Build.0 = Release|x64
		{E5D779F5-3679-4247-A3C3-C446F1980ABB}.Release|x64.Deploy.0 = Release|x64
		{E5D779F5-3679-4247-A3C3-C446F1980ABB}.Release|x86.ActiveCfg = Release|Win32
		{E5D779F5-3679-4247-A3C3-C446F1980ABB}.Release|x86.Build.0 = Release|Win32
		{E5D779F5-3679-4247-A3C3-C446F1980ABB}.Release|x86.Deploy.0 = Release|Win32
		{89E9B32E-A86A-47C3-A948-D2B1622925CE}.Debug|ARM.ActiveCfg = Debug|ARM
		{89E9B32E-A86A-47C3-A948-D2B1622925CE}.Debug|ARM.Build.0 = Debug|ARM
		{89E9B32E-A86A-47C3-A948-D2B1622925CE}.Debug|x64.ActiveCfg = Debug|x64
		{89E9B32E-A86A-47C3-A948-D2B1622925CE}.Debug|x64.Build.0 = Debug|x64
		{89E9B32E-A86A-47C3-A948-D2B1622925CE}.Debug|x86.ActiveCfg = Debug|Win32
		{89E9B32E-A86A-47C3-A948-D2B1622925CE}.Debug|x86.Build.0 = Debug|Win32
		{89E9B32E-A86A-47C3-A948-D2B1622925CE}.Release|ARM.ActiveCfg = Release|ARM
		{89E9B32E-A86A-47C3-A948-D2B1622925CE}.Release|ARM.Build.0 = Release|ARM
		{89E9B32E-A86A-47C3-A948-D2B1622925CE}.Release|x64.ActiveCfg = Release|x64
		{89E9B32E-A86A-47C3-A948-D2B1622925CE}.Release|x64.Build.0 = Release|x64
		{89E9B32E-A86A-47C3-A948-D2B1622925CE}.Release|x86.ActiveCfg = Release|Win32
		{89E9B32E-A86A-47C3-A948-D2B1622925CE}.Release|x86.Build.0 = Release|Win32
		{93B8DA2C-888E-40C4-8E9E-5F31B53949E0}.Debug|ARM.ActiveCfg = Debug|ARM
		{93B8DA2C-888E-40C4-8E9E-5F31B53949E0}.Debug|ARM.Build.0 = Debug|ARM
		{93B8DA2C-888E-40C4-8E9E-5F31B53949E0}.Debug|x64.ActiveCfg = Debug|x64
		{93B8DA2C-888E-40C4-8E9E-5F31B53949E0}.Debug|x64.Build.0 = Debug|x64
		{93B8DA2C-888E-40C4-8E9E-5F31B53949E0}.Debug|x86.ActiveCfg = Debug|Win32
		{93B8DA2C-888E-40C4-8E9E-5F31B53949E0}.Debug|x86.Build.0 = Debug|Win32
		{93B8DA2C-888E-40C4-8E9E-5F31B53949E0}.Release|ARM.ActiveCfg = Release|ARM
		{93B8DA2C-888E-40C4-8E9E-5F31B53949E0}.Release|ARM.Build.0 = Release|ARM
		{93B8DA2C-888E-40C4-8E9E-5F31B53949E0}.Release|x64.ActiveCfg = Release|x64
		{93B8DA2C-888E-40C4-8E9E-5F31B53949E0}.Release|x64.Build.0 = Release|x64
		{93B8DA2C-888E-40C4-8E9E-5F31B53949E0}.Release|x86.ActiveCfg = Release|Win32
		{93B8DA2C-888E-40C4-8E9E-5F31B53949E0}.Release|x86.Build.0 = Release|Win32
		{F5123206-D805-402E-A2BA-339548912C5C}.Debug|ARM.ActiveCfg = Debug|ARM
		{F5123206-D805-402E-A2BA-339548912C5C}.Debug|ARM.Build.0 = Debug|ARM
		{F5123206-D805-402E-A2BA-339548912C5C}.Debug|x64.ActiveCfg = Debug|x64
		{F5123206-D805-402E-A2BA-339548912C5C}.Debug|x64.Build.0 = Debug|x64
		{F5123206-D805-402E-A2BA-339548912C5C}.Debug|x86.ActiveCfg = Debug|Win32
		{F5123206-D805-402E-A2BA-339548912C5C}.Debug|x86.Build.0 = Debug|Win32
		{F5123206-D805-402E-A2BA-339548912C5C}.Release|ARM.ActiveCfg = Release|ARM
		{F5123206-D805-402E-A2BA-339548912C5C}.Release|ARM.Build.0 = Release|ARM
		{F5123206-D805-402E-A2BA-339548912C5C}.Release|x64.ActiveCfg = Release|x64
		{F5123206-D805-402E-A2BA-339548912C5C}.Release|x64.Build.0 = Release|x64
		{F5123206-D805-402E-A2BA-339548912C5C}.Release|x86.ActiveCfg = Release|Win32
		{F5123206-D805-402E-A2BA-339548912C5C}.Release|x86.Build.0 = Release|Win32
		{A4EC741A-2F08-4DAB-A9B1-472540CBCE2E}.Debug|ARM.ActiveCfg = Debug|ARM
		{A4EC741A-2F08-4DAB-A9B1-472540CBCE2E}.Debug|ARM.Build.0 = Debug|ARM
		{A4EC741A-2F08-4DAB-A9B1-472540CBCE2E}.Debug|x64.ActiveCfg = Debug|x64
		{A4EC741A-2F08-4DAB-A9B1-472540CBCE2E}.Debug|x64.Build.0 = Debug|x64
		{A4EC741A-2F08-4DAB-A9B1-472540CBCE2E}.Debug|x86.ActiveCfg = Debug|Win32
		{A4EC741A-2F08-4DAB-A9B1-472540CBCE2E}.Debug|x86.Build.0 = Debug|Win32
		{A4EC741A-2F08-4DAB-A9B1-472540CBCE2E}.Release|ARM.ActiveCfg = Release|ARM
		{A4EC741A-2F08-4DAB-A9B1-472540CBCE2E}.Release|ARM.Build.0 = Release|ARM
		{A4EC741A-2F08-4DAB-A9B1-472540CBCE2E}.Release|x64.ActiveCfg = Release|x64
		{A4EC741A-2F08-4DAB-A9B1-472540CBCE2E}.Release|x64.Build.0 = Release|x64
		{A4EC741A-2F08-4DAB-A9B1-472540CBCE2E}.Release|x86.ActiveCfg = Release|Win32
		{A4EC741A-2F08-4DAB-A9B1-472540CBCE2E}.Release|x86.Build.0 = Release|Win32
	EndGlobalSection
	GlobalSection(SolutionProperties) = preSolution
		HideSolutionNode = FALSE
	EndGlobalSection
EndGlobal
